// !$*UTF8*$!
{
	archiveVersion = 1;
	classes = {
	};
	objectVersion = 56;
	objects = {

/* Begin PBXBuildFile section */
		080722AE29E38FA900410DE2 /* CookpediaApp.swift in Sources */ = {isa = PBXBuildFile; fileRef = 080722AD29E38FA900410DE2 /* CookpediaApp.swift */; };
		080722B029E38FA900410DE2 /* ContentView.swift in Sources */ = {isa = PBXBuildFile; fileRef = 080722AF29E38FA900410DE2 /* ContentView.swift */; };
		080722B229E38FAA00410DE2 /* Assets.xcassets in Resources */ = {isa = PBXBuildFile; fileRef = 080722B129E38FAA00410DE2 /* Assets.xcassets */; };
		080722B529E38FAA00410DE2 /* Preview Assets.xcassets in Resources */ = {isa = PBXBuildFile; fileRef = 080722B429E38FAA00410DE2 /* Preview Assets.xcassets */; };
		080722CF29E390F200410DE2 /* Urbanist-Medium.ttf in Resources */ = {isa = PBXBuildFile; fileRef = 080722BD29E390F100410DE2 /* Urbanist-Medium.ttf */; };
		080722D029E390F200410DE2 /* Urbanist-BlackItalic.ttf in Resources */ = {isa = PBXBuildFile; fileRef = 080722BE29E390F100410DE2 /* Urbanist-BlackItalic.ttf */; };
		080722D129E390F200410DE2 /* Urbanist-LightItalic.ttf in Resources */ = {isa = PBXBuildFile; fileRef = 080722BF29E390F100410DE2 /* Urbanist-LightItalic.ttf */; };
		080722D229E390F200410DE2 /* Urbanist-ExtraBoldItalic.ttf in Resources */ = {isa = PBXBuildFile; fileRef = 080722C029E390F100410DE2 /* Urbanist-ExtraBoldItalic.ttf */; };
		080722D329E390F200410DE2 /* Urbanist-MediumItalic.ttf in Resources */ = {isa = PBXBuildFile; fileRef = 080722C129E390F200410DE2 /* Urbanist-MediumItalic.ttf */; };
		080722D429E390F200410DE2 /* Urbanist-ThinItalic.ttf in Resources */ = {isa = PBXBuildFile; fileRef = 080722C229E390F200410DE2 /* Urbanist-ThinItalic.ttf */; };
		080722D529E390F200410DE2 /* Urbanist-Thin.ttf in Resources */ = {isa = PBXBuildFile; fileRef = 080722C329E390F200410DE2 /* Urbanist-Thin.ttf */; };
		080722D629E390F200410DE2 /* Urbanist-Regular.ttf in Resources */ = {isa = PBXBuildFile; fileRef = 080722C429E390F200410DE2 /* Urbanist-Regular.ttf */; };
		080722D729E390F200410DE2 /* Urbanist-BoldItalic.ttf in Resources */ = {isa = PBXBuildFile; fileRef = 080722C529E390F200410DE2 /* Urbanist-BoldItalic.ttf */; };
		080722D829E390F200410DE2 /* Urbanist-Black.ttf in Resources */ = {isa = PBXBuildFile; fileRef = 080722C629E390F200410DE2 /* Urbanist-Black.ttf */; };
		080722D929E390F200410DE2 /* Urbanist-SemiBoldItalic.ttf in Resources */ = {isa = PBXBuildFile; fileRef = 080722C729E390F200410DE2 /* Urbanist-SemiBoldItalic.ttf */; };
		080722DA29E390F200410DE2 /* Urbanist-Bold.ttf in Resources */ = {isa = PBXBuildFile; fileRef = 080722C829E390F200410DE2 /* Urbanist-Bold.ttf */; };
		080722DB29E390F200410DE2 /* Urbanist-SemiBold.ttf in Resources */ = {isa = PBXBuildFile; fileRef = 080722C929E390F200410DE2 /* Urbanist-SemiBold.ttf */; };
		080722DC29E390F200410DE2 /* Urbanist-Italic.ttf in Resources */ = {isa = PBXBuildFile; fileRef = 080722CA29E390F200410DE2 /* Urbanist-Italic.ttf */; };
		080722DD29E390F200410DE2 /* Urbanist-ExtraLight.ttf in Resources */ = {isa = PBXBuildFile; fileRef = 080722CB29E390F200410DE2 /* Urbanist-ExtraLight.ttf */; };
		080722DE29E390F200410DE2 /* Urbanist-ExtraLightItalic.ttf in Resources */ = {isa = PBXBuildFile; fileRef = 080722CC29E390F200410DE2 /* Urbanist-ExtraLightItalic.ttf */; };
		080722DF29E390F200410DE2 /* Urbanist-ExtraBold.ttf in Resources */ = {isa = PBXBuildFile; fileRef = 080722CD29E390F200410DE2 /* Urbanist-ExtraBold.ttf */; };
		080722E029E390F200410DE2 /* Urbanist-Light.ttf in Resources */ = {isa = PBXBuildFile; fileRef = 080722CE29E390F200410DE2 /* Urbanist-Light.ttf */; };
		080722E229E391FD00410DE2 /* HomeView.swift in Sources */ = {isa = PBXBuildFile; fileRef = 080722E129E391FD00410DE2 /* HomeView.swift */; };
		080722E529E3923E00410DE2 /* CustomBanner.swift in Sources */ = {isa = PBXBuildFile; fileRef = 080722E429E3923E00410DE2 /* CustomBanner.swift */; };
		080722E729E393EF00410DE2 /* CustomTitleCatDashBoard.swift in Sources */ = {isa = PBXBuildFile; fileRef = 080722E629E393EF00410DE2 /* CustomTitleCatDashBoard.swift */; };
		080722E929E397F800410DE2 /* CustomCardMeal.swift in Sources */ = {isa = PBXBuildFile; fileRef = 080722E829E397F800410DE2 /* CustomCardMeal.swift */; };
		080722EC29E3989200410DE2 /* Meal.swift in Sources */ = {isa = PBXBuildFile; fileRef = 080722EB29E3989200410DE2 /* Meal.swift */; };
		080722F329E4741D00410DE2 /* ProfileView.swift in Sources */ = {isa = PBXBuildFile; fileRef = 080722F229E4741D00410DE2 /* ProfileView.swift */; };
		080722F529E4744E00410DE2 /* RecipesView.swift in Sources */ = {isa = PBXBuildFile; fileRef = 080722F429E4744E00410DE2 /* RecipesView.swift */; };
		080722F729E4745D00410DE2 /* DiscoverView.swift in Sources */ = {isa = PBXBuildFile; fileRef = 080722F629E4745D00410DE2 /* DiscoverView.swift */; };
		080722FA29E484B800410DE2 /* NotificationsView.swift in Sources */ = {isa = PBXBuildFile; fileRef = 080722F929E484B800410DE2 /* NotificationsView.swift */; };
		080722FE29E4867000410DE2 /* BookmarkView.swift in Sources */ = {isa = PBXBuildFile; fileRef = 080722FD29E4867000410DE2 /* BookmarkView.swift */; };
		0807230129E4946600410DE2 /* MealView.swift in Sources */ = {isa = PBXBuildFile; fileRef = 0807230029E4946600410DE2 /* MealView.swift */; };
		0807230329E49FDC00410DE2 /* CustomInfoCardUser.swift in Sources */ = {isa = PBXBuildFile; fileRef = 0807230229E49FDC00410DE2 /* CustomInfoCardUser.swift */; };
		0807230529E4A8B000410DE2 /* CustomLabelInfoMeal.swift in Sources */ = {isa = PBXBuildFile; fileRef = 0807230429E4A8B000410DE2 /* CustomLabelInfoMeal.swift */; };
		0807230729E4B26300410DE2 /* CustomStepInfo.swift in Sources */ = {isa = PBXBuildFile; fileRef = 0807230629E4B26300410DE2 /* CustomStepInfo.swift */; };
		0807230A29E4BE2200410DE2 /* NotificationType.swift in Sources */ = {isa = PBXBuildFile; fileRef = 0807230929E4BE2200410DE2 /* NotificationType.swift */; };
		0807230C29E4CB0200410DE2 /* CustomCardSystemNotification.swift in Sources */ = {isa = PBXBuildFile; fileRef = 0807230B29E4CB0200410DE2 /* CustomCardSystemNotification.swift */; };
		0807230E29E4D97300410DE2 /* CustomCardGeneralNotification.swift in Sources */ = {isa = PBXBuildFile; fileRef = 0807230D29E4D97300410DE2 /* CustomCardGeneralNotification.swift */; };
		0807231029E5E48200410DE2 /* SystemNotificationsView.swift in Sources */ = {isa = PBXBuildFile; fileRef = 0807230F29E5E48200410DE2 /* SystemNotificationsView.swift */; };
		0807231229E5E4B600410DE2 /* GeneralNotificationsView.swift in Sources */ = {isa = PBXBuildFile; fileRef = 0807231129E5E4B600410DE2 /* GeneralNotificationsView.swift */; };
		0807231529E5E7AE00410DE2 /* DetailsMeal.swift in Sources */ = {isa = PBXBuildFile; fileRef = 0807231429E5E7AE00410DE2 /* DetailsMeal.swift */; };
		0807231729E5E90200410DE2 /* MealViewModel.swift in Sources */ = {isa = PBXBuildFile; fileRef = 0807231629E5E90200410DE2 /* MealViewModel.swift */; };
		0807231A29E61E4100410DE2 /* APIConstants.swift in Sources */ = {isa = PBXBuildFile; fileRef = 0807231929E61E4100410DE2 /* APIConstants.swift */; };
		0807231D29E6266800410DE2 /* MealService.swift in Sources */ = {isa = PBXBuildFile; fileRef = 0807231C29E6266800410DE2 /* MealService.swift */; };
		0807232229E645E700410DE2 /* ContainerShimmer.swift in Sources */ = {isa = PBXBuildFile; fileRef = 0807232129E645E700410DE2 /* ContainerShimmer.swift */; };
		0807232529E662B200410DE2 /* HomeViewModel.swift in Sources */ = {isa = PBXBuildFile; fileRef = 0807232429E662B200410DE2 /* HomeViewModel.swift */; };
		0807232829E6750700410DE2 /* RecipesViewModel.swift in Sources */ = {isa = PBXBuildFile; fileRef = 0807232729E6750700410DE2 /* RecipesViewModel.swift */; };
		08B8CEAF29E710180050A11A /* CustomCardMealViewModel.swift in Sources */ = {isa = PBXBuildFile; fileRef = 08B8CEAE29E710180050A11A /* CustomCardMealViewModel.swift */; };
		08B8CEB229E7159B0050A11A /* CustomCardMealService.swift in Sources */ = {isa = PBXBuildFile; fileRef = 08B8CEB129E7159B0050A11A /* CustomCardMealService.swift */; };
/* End PBXBuildFile section */

/* Begin PBXFileReference section */
		080722AA29E38FA900410DE2 /* Cookpedia.app */ = {isa = PBXFileReference; explicitFileType = wrapper.application; includeInIndex = 0; path = Cookpedia.app; sourceTree = BUILT_PRODUCTS_DIR; };
		080722AD29E38FA900410DE2 /* CookpediaApp.swift */ = {isa = PBXFileReference; lastKnownFileType = sourcecode.swift; path = CookpediaApp.swift; sourceTree = "<group>"; };
		080722AF29E38FA900410DE2 /* ContentView.swift */ = {isa = PBXFileReference; lastKnownFileType = sourcecode.swift; path = ContentView.swift; sourceTree = "<group>"; };
		080722B129E38FAA00410DE2 /* Assets.xcassets */ = {isa = PBXFileReference; lastKnownFileType = folder.assetcatalog; path = Assets.xcassets; sourceTree = "<group>"; };
		080722B429E38FAA00410DE2 /* Preview Assets.xcassets */ = {isa = PBXFileReference; lastKnownFileType = folder.assetcatalog; path = "Preview Assets.xcassets"; sourceTree = "<group>"; };
		080722BD29E390F100410DE2 /* Urbanist-Medium.ttf */ = {isa = PBXFileReference; lastKnownFileType = file; path = "Urbanist-Medium.ttf"; sourceTree = "<group>"; };
		080722BE29E390F100410DE2 /* Urbanist-BlackItalic.ttf */ = {isa = PBXFileReference; lastKnownFileType = file; path = "Urbanist-BlackItalic.ttf"; sourceTree = "<group>"; };
		080722BF29E390F100410DE2 /* Urbanist-LightItalic.ttf */ = {isa = PBXFileReference; lastKnownFileType = file; path = "Urbanist-LightItalic.ttf"; sourceTree = "<group>"; };
		080722C029E390F100410DE2 /* Urbanist-ExtraBoldItalic.ttf */ = {isa = PBXFileReference; lastKnownFileType = file; path = "Urbanist-ExtraBoldItalic.ttf"; sourceTree = "<group>"; };
		080722C129E390F200410DE2 /* Urbanist-MediumItalic.ttf */ = {isa = PBXFileReference; lastKnownFileType = file; path = "Urbanist-MediumItalic.ttf"; sourceTree = "<group>"; };
		080722C229E390F200410DE2 /* Urbanist-ThinItalic.ttf */ = {isa = PBXFileReference; lastKnownFileType = file; path = "Urbanist-ThinItalic.ttf"; sourceTree = "<group>"; };
		080722C329E390F200410DE2 /* Urbanist-Thin.ttf */ = {isa = PBXFileReference; lastKnownFileType = file; path = "Urbanist-Thin.ttf"; sourceTree = "<group>"; };
		080722C429E390F200410DE2 /* Urbanist-Regular.ttf */ = {isa = PBXFileReference; lastKnownFileType = file; path = "Urbanist-Regular.ttf"; sourceTree = "<group>"; };
		080722C529E390F200410DE2 /* Urbanist-BoldItalic.ttf */ = {isa = PBXFileReference; lastKnownFileType = file; path = "Urbanist-BoldItalic.ttf"; sourceTree = "<group>"; };
		080722C629E390F200410DE2 /* Urbanist-Black.ttf */ = {isa = PBXFileReference; lastKnownFileType = file; path = "Urbanist-Black.ttf"; sourceTree = "<group>"; };
		080722C729E390F200410DE2 /* Urbanist-SemiBoldItalic.ttf */ = {isa = PBXFileReference; lastKnownFileType = file; path = "Urbanist-SemiBoldItalic.ttf"; sourceTree = "<group>"; };
		080722C829E390F200410DE2 /* Urbanist-Bold.ttf */ = {isa = PBXFileReference; lastKnownFileType = file; path = "Urbanist-Bold.ttf"; sourceTree = "<group>"; };
		080722C929E390F200410DE2 /* Urbanist-SemiBold.ttf */ = {isa = PBXFileReference; lastKnownFileType = file; path = "Urbanist-SemiBold.ttf"; sourceTree = "<group>"; };
		080722CA29E390F200410DE2 /* Urbanist-Italic.ttf */ = {isa = PBXFileReference; lastKnownFileType = file; path = "Urbanist-Italic.ttf"; sourceTree = "<group>"; };
		080722CB29E390F200410DE2 /* Urbanist-ExtraLight.ttf */ = {isa = PBXFileReference; lastKnownFileType = file; path = "Urbanist-ExtraLight.ttf"; sourceTree = "<group>"; };
		080722CC29E390F200410DE2 /* Urbanist-ExtraLightItalic.ttf */ = {isa = PBXFileReference; lastKnownFileType = file; path = "Urbanist-ExtraLightItalic.ttf"; sourceTree = "<group>"; };
		080722CD29E390F200410DE2 /* Urbanist-ExtraBold.ttf */ = {isa = PBXFileReference; lastKnownFileType = file; path = "Urbanist-ExtraBold.ttf"; sourceTree = "<group>"; };
		080722CE29E390F200410DE2 /* Urbanist-Light.ttf */ = {isa = PBXFileReference; lastKnownFileType = file; path = "Urbanist-Light.ttf"; sourceTree = "<group>"; };
		080722E129E391FD00410DE2 /* HomeView.swift */ = {isa = PBXFileReference; lastKnownFileType = sourcecode.swift; path = HomeView.swift; sourceTree = "<group>"; };
		080722E429E3923E00410DE2 /* CustomBanner.swift */ = {isa = PBXFileReference; lastKnownFileType = sourcecode.swift; path = CustomBanner.swift; sourceTree = "<group>"; };
		080722E629E393EF00410DE2 /* CustomTitleCatDashBoard.swift */ = {isa = PBXFileReference; lastKnownFileType = sourcecode.swift; path = CustomTitleCatDashBoard.swift; sourceTree = "<group>"; };
		080722E829E397F800410DE2 /* CustomCardMeal.swift */ = {isa = PBXFileReference; lastKnownFileType = sourcecode.swift; path = CustomCardMeal.swift; sourceTree = "<group>"; };
		080722EB29E3989200410DE2 /* Meal.swift */ = {isa = PBXFileReference; lastKnownFileType = sourcecode.swift; path = Meal.swift; sourceTree = "<group>"; };
		080722F229E4741D00410DE2 /* ProfileView.swift */ = {isa = PBXFileReference; lastKnownFileType = sourcecode.swift; path = ProfileView.swift; sourceTree = "<group>"; };
		080722F429E4744E00410DE2 /* RecipesView.swift */ = {isa = PBXFileReference; lastKnownFileType = sourcecode.swift; path = RecipesView.swift; sourceTree = "<group>"; };
		080722F629E4745D00410DE2 /* DiscoverView.swift */ = {isa = PBXFileReference; lastKnownFileType = sourcecode.swift; path = DiscoverView.swift; sourceTree = "<group>"; };
		080722F929E484B800410DE2 /* NotificationsView.swift */ = {isa = PBXFileReference; lastKnownFileType = sourcecode.swift; path = NotificationsView.swift; sourceTree = "<group>"; };
		080722FD29E4867000410DE2 /* BookmarkView.swift */ = {isa = PBXFileReference; lastKnownFileType = sourcecode.swift; path = BookmarkView.swift; sourceTree = "<group>"; };
		0807230029E4946600410DE2 /* MealView.swift */ = {isa = PBXFileReference; lastKnownFileType = sourcecode.swift; path = MealView.swift; sourceTree = "<group>"; };
		0807230229E49FDC00410DE2 /* CustomInfoCardUser.swift */ = {isa = PBXFileReference; lastKnownFileType = sourcecode.swift; path = CustomInfoCardUser.swift; sourceTree = "<group>"; };
		0807230429E4A8B000410DE2 /* CustomLabelInfoMeal.swift */ = {isa = PBXFileReference; lastKnownFileType = sourcecode.swift; path = CustomLabelInfoMeal.swift; sourceTree = "<group>"; };
		0807230629E4B26300410DE2 /* CustomStepInfo.swift */ = {isa = PBXFileReference; lastKnownFileType = sourcecode.swift; path = CustomStepInfo.swift; sourceTree = "<group>"; };
		0807230929E4BE2200410DE2 /* NotificationType.swift */ = {isa = PBXFileReference; lastKnownFileType = sourcecode.swift; path = NotificationType.swift; sourceTree = "<group>"; };
		0807230B29E4CB0200410DE2 /* CustomCardSystemNotification.swift */ = {isa = PBXFileReference; lastKnownFileType = sourcecode.swift; path = CustomCardSystemNotification.swift; sourceTree = "<group>"; };
		0807230D29E4D97300410DE2 /* CustomCardGeneralNotification.swift */ = {isa = PBXFileReference; lastKnownFileType = sourcecode.swift; path = CustomCardGeneralNotification.swift; sourceTree = "<group>"; };
		0807230F29E5E48200410DE2 /* SystemNotificationsView.swift */ = {isa = PBXFileReference; lastKnownFileType = sourcecode.swift; path = SystemNotificationsView.swift; sourceTree = "<group>"; };
		0807231129E5E4B600410DE2 /* GeneralNotificationsView.swift */ = {isa = PBXFileReference; lastKnownFileType = sourcecode.swift; path = GeneralNotificationsView.swift; sourceTree = "<group>"; };
		0807231429E5E7AE00410DE2 /* DetailsMeal.swift */ = {isa = PBXFileReference; lastKnownFileType = sourcecode.swift; path = DetailsMeal.swift; sourceTree = "<group>"; };
		0807231629E5E90200410DE2 /* MealViewModel.swift */ = {isa = PBXFileReference; lastKnownFileType = sourcecode.swift; path = MealViewModel.swift; sourceTree = "<group>"; };
		0807231929E61E4100410DE2 /* APIConstants.swift */ = {isa = PBXFileReference; lastKnownFileType = sourcecode.swift; path = APIConstants.swift; sourceTree = "<group>"; };
		0807231C29E6266800410DE2 /* MealService.swift */ = {isa = PBXFileReference; lastKnownFileType = sourcecode.swift; path = MealService.swift; sourceTree = "<group>"; };
		0807232129E645E700410DE2 /* ContainerShimmer.swift */ = {isa = PBXFileReference; lastKnownFileType = sourcecode.swift; path = ContainerShimmer.swift; sourceTree = "<group>"; };
		0807232429E662B200410DE2 /* HomeViewModel.swift */ = {isa = PBXFileReference; lastKnownFileType = sourcecode.swift; path = HomeViewModel.swift; sourceTree = "<group>"; };
		0807232729E6750700410DE2 /* RecipesViewModel.swift */ = {isa = PBXFileReference; lastKnownFileType = sourcecode.swift; path = RecipesViewModel.swift; sourceTree = "<group>"; };
		08B8CEAE29E710180050A11A /* CustomCardMealViewModel.swift */ = {isa = PBXFileReference; lastKnownFileType = sourcecode.swift; path = CustomCardMealViewModel.swift; sourceTree = "<group>"; };
		08B8CEB129E7159B0050A11A /* CustomCardMealService.swift */ = {isa = PBXFileReference; lastKnownFileType = sourcecode.swift; path = CustomCardMealService.swift; sourceTree = "<group>"; };
/* End PBXFileReference section */

/* Begin PBXFrameworksBuildPhase section */
		080722A729E38FA900410DE2 /* Frameworks */ = {
			isa = PBXFrameworksBuildPhase;
			buildActionMask = 2147483647;
			files = (
			);
			runOnlyForDeploymentPostprocessing = 0;
		};
/* End PBXFrameworksBuildPhase section */

/* Begin PBXGroup section */
		080722A129E38FA900410DE2 = {
			isa = PBXGroup;
			children = (
				080722AC29E38FA900410DE2 /* Cookpedia */,
				080722AB29E38FA900410DE2 /* Products */,
			);
			sourceTree = "<group>";
		};
		080722AB29E38FA900410DE2 /* Products */ = {
			isa = PBXGroup;
			children = (
				080722AA29E38FA900410DE2 /* Cookpedia.app */,
			);
			name = Products;
			sourceTree = "<group>";
		};
		080722AC29E38FA900410DE2 /* Cookpedia */ = {
			isa = PBXGroup;
			children = (
				0807231829E61E0B00410DE2 /* Constants */,
				080722E329E3922E00410DE2 /* Components */,
				080722FF29E4944C00410DE2 /* Meal */,
				080722FB29E4865000410DE2 /* Bookmark */,
				080722F829E4849800410DE2 /* Notifications */,
				080722F129E473F800410DE2 /* Profile */,
				080722F029E473E500410DE2 /* Recipes */,
				080722EF29E473DD00410DE2 /* Discover */,
				080722EA29E3980000410DE2 /* Data */,
				080722BC29E3908F00410DE2 /* Font */,
				080722BB29E38FF000410DE2 /* Home */,
				080722AD29E38FA900410DE2 /* CookpediaApp.swift */,
				080722AF29E38FA900410DE2 /* ContentView.swift */,
				080722B129E38FAA00410DE2 /* Assets.xcassets */,
				080722B329E38FAA00410DE2 /* Preview Content */,
			);
			path = Cookpedia;
			sourceTree = "<group>";
		};
		080722B329E38FAA00410DE2 /* Preview Content */ = {
			isa = PBXGroup;
			children = (
				080722B429E38FAA00410DE2 /* Preview Assets.xcassets */,
			);
			path = "Preview Content";
			sourceTree = "<group>";
		};
		080722BB29E38FF000410DE2 /* Home */ = {
			isa = PBXGroup;
			children = (
				0807232329E6629B00410DE2 /* ViewModel */,
				080722E129E391FD00410DE2 /* HomeView.swift */,
			);
			path = Home;
			sourceTree = "<group>";
		};
		080722BC29E3908F00410DE2 /* Font */ = {
			isa = PBXGroup;
			children = (
				080722C629E390F200410DE2 /* Urbanist-Black.ttf */,
				080722BE29E390F100410DE2 /* Urbanist-BlackItalic.ttf */,
				080722C829E390F200410DE2 /* Urbanist-Bold.ttf */,
				080722C529E390F200410DE2 /* Urbanist-BoldItalic.ttf */,
				080722CD29E390F200410DE2 /* Urbanist-ExtraBold.ttf */,
				080722C029E390F100410DE2 /* Urbanist-ExtraBoldItalic.ttf */,
				080722CB29E390F200410DE2 /* Urbanist-ExtraLight.ttf */,
				080722CC29E390F200410DE2 /* Urbanist-ExtraLightItalic.ttf */,
				080722CA29E390F200410DE2 /* Urbanist-Italic.ttf */,
				080722CE29E390F200410DE2 /* Urbanist-Light.ttf */,
				080722BF29E390F100410DE2 /* Urbanist-LightItalic.ttf */,
				080722BD29E390F100410DE2 /* Urbanist-Medium.ttf */,
				080722C129E390F200410DE2 /* Urbanist-MediumItalic.ttf */,
				080722C429E390F200410DE2 /* Urbanist-Regular.ttf */,
				080722C929E390F200410DE2 /* Urbanist-SemiBold.ttf */,
				080722C729E390F200410DE2 /* Urbanist-SemiBoldItalic.ttf */,
				080722C329E390F200410DE2 /* Urbanist-Thin.ttf */,
				080722C229E390F200410DE2 /* Urbanist-ThinItalic.ttf */,
			);
			path = Font;
			sourceTree = "<group>";
		};
		080722E329E3922E00410DE2 /* Components */ = {
			isa = PBXGroup;
			children = (
				080722E429E3923E00410DE2 /* CustomBanner.swift */,
				080722E629E393EF00410DE2 /* CustomTitleCatDashBoard.swift */,
				0807232929E67CAE00410DE2 /* CustomCardMeal */,
				0807230229E49FDC00410DE2 /* CustomInfoCardUser.swift */,
				0807230429E4A8B000410DE2 /* CustomLabelInfoMeal.swift */,
				0807230629E4B26300410DE2 /* CustomStepInfo.swift */,
				0807232129E645E700410DE2 /* ContainerShimmer.swift */,
			);
			path = Components;
			sourceTree = "<group>";
		};
		080722EA29E3980000410DE2 /* Data */ = {
			isa = PBXGroup;
			children = (
				080722EB29E3989200410DE2 /* Meal.swift */,
			);
			path = Data;
			sourceTree = "<group>";
		};
		080722EF29E473DD00410DE2 /* Discover */ = {
			isa = PBXGroup;
			children = (
				080722F629E4745D00410DE2 /* DiscoverView.swift */,
			);
			path = Discover;
			sourceTree = "<group>";
		};
		080722F029E473E500410DE2 /* Recipes */ = {
			isa = PBXGroup;
			children = (
				0807232629E674F200410DE2 /* ViewModel */,
				080722F429E4744E00410DE2 /* RecipesView.swift */,
			);
			path = Recipes;
			sourceTree = "<group>";
		};
		080722F129E473F800410DE2 /* Profile */ = {
			isa = PBXGroup;
			children = (
				080722F229E4741D00410DE2 /* ProfileView.swift */,
			);
			path = Profile;
			sourceTree = "<group>";
		};
		080722F829E4849800410DE2 /* Notifications */ = {
			isa = PBXGroup;
			children = (
				0807230829E4BB6E00410DE2 /* Data */,
				080722F929E484B800410DE2 /* NotificationsView.swift */,
				0807230B29E4CB0200410DE2 /* CustomCardSystemNotification.swift */,
				0807230D29E4D97300410DE2 /* CustomCardGeneralNotification.swift */,
				0807230F29E5E48200410DE2 /* SystemNotificationsView.swift */,
				0807231129E5E4B600410DE2 /* GeneralNotificationsView.swift */,
			);
			path = Notifications;
			sourceTree = "<group>";
		};
		080722FB29E4865000410DE2 /* Bookmark */ = {
			isa = PBXGroup;
			children = (
				080722FD29E4867000410DE2 /* BookmarkView.swift */,
			);
			path = Bookmark;
			sourceTree = "<group>";
		};
		080722FF29E4944C00410DE2 /* Meal */ = {
			isa = PBXGroup;
			children = (
				0807231E29E627CD00410DE2 /* ViewModel */,
				0807231B29E6264900410DE2 /* Service */,
				0807231329E5E79E00410DE2 /* Data */,
				0807230029E4946600410DE2 /* MealView.swift */,
			);
			path = Meal;
			sourceTree = "<group>";
		};
		0807230829E4BB6E00410DE2 /* Data */ = {
			isa = PBXGroup;
			children = (
				0807230929E4BE2200410DE2 /* NotificationType.swift */,
			);
			path = Data;
			sourceTree = "<group>";
		};
		0807231329E5E79E00410DE2 /* Data */ = {
			isa = PBXGroup;
			children = (
				0807231429E5E7AE00410DE2 /* DetailsMeal.swift */,
			);
			path = Data;
			sourceTree = "<group>";
		};
		0807231829E61E0B00410DE2 /* Constants */ = {
			isa = PBXGroup;
			children = (
				0807231929E61E4100410DE2 /* APIConstants.swift */,
			);
			path = Constants;
			sourceTree = "<group>";
		};
		0807231B29E6264900410DE2 /* Service */ = {
			isa = PBXGroup;
			children = (
				0807231C29E6266800410DE2 /* MealService.swift */,
			);
			path = Service;
			sourceTree = "<group>";
		};
		0807231E29E627CD00410DE2 /* ViewModel */ = {
			isa = PBXGroup;
			children = (
				0807231629E5E90200410DE2 /* MealViewModel.swift */,
			);
			path = ViewModel;
			sourceTree = "<group>";
		};
		0807232329E6629B00410DE2 /* ViewModel */ = {
			isa = PBXGroup;
			children = (
				0807232429E662B200410DE2 /* HomeViewModel.swift */,
			);
			path = ViewModel;
			sourceTree = "<group>";
		};
		0807232629E674F200410DE2 /* ViewModel */ = {
			isa = PBXGroup;
			children = (
				0807232729E6750700410DE2 /* RecipesViewModel.swift */,
			);
			path = ViewModel;
			sourceTree = "<group>";
		};
		0807232929E67CAE00410DE2 /* CustomCardMeal */ = {
			isa = PBXGroup;
			children = (
				08B8CEB029E7154F0050A11A /* Service */,
				08B8CEAD29E70FFF0050A11A /* ViewModel */,
				080722E829E397F800410DE2 /* CustomCardMeal.swift */,
			);
			path = CustomCardMeal;
			sourceTree = "<group>";
		};
		08B8CEAD29E70FFF0050A11A /* ViewModel */ = {
			isa = PBXGroup;
			children = (
				08B8CEAE29E710180050A11A /* CustomCardMealViewModel.swift */,
			);
			path = ViewModel;
			sourceTree = "<group>";
		};
		08B8CEB029E7154F0050A11A /* Service */ = {
			isa = PBXGroup;
			children = (
				08B8CEB129E7159B0050A11A /* CustomCardMealService.swift */,
			);
			path = Service;
			sourceTree = "<group>";
		};
/* End PBXGroup section */

/* Begin PBXNativeTarget section */
		080722A929E38FA900410DE2 /* Cookpedia */ = {
			isa = PBXNativeTarget;
			buildConfigurationList = 080722B829E38FAA00410DE2 /* Build configuration list for PBXNativeTarget "Cookpedia" */;
			buildPhases = (
				080722A629E38FA900410DE2 /* Sources */,
				080722A729E38FA900410DE2 /* Frameworks */,
				080722A829E38FA900410DE2 /* Resources */,
			);
			buildRules = (
			);
			dependencies = (
			);
			name = Cookpedia;
			productName = Cookpedia;
			productReference = 080722AA29E38FA900410DE2 /* Cookpedia.app */;
			productType = "com.apple.product-type.application";
		};
/* End PBXNativeTarget section */

/* Begin PBXProject section */
		080722A229E38FA900410DE2 /* Project object */ = {
			isa = PBXProject;
			attributes = {
				BuildIndependentTargetsInParallel = 1;
				LastSwiftUpdateCheck = 1430;
				LastUpgradeCheck = 1430;
				TargetAttributes = {
					080722A929E38FA900410DE2 = {
						CreatedOnToolsVersion = 14.3;
					};
				};
			};
			buildConfigurationList = 080722A529E38FA900410DE2 /* Build configuration list for PBXProject "Cookpedia" */;
			compatibilityVersion = "Xcode 14.0";
			developmentRegion = en;
			hasScannedForEncodings = 0;
			knownRegions = (
				en,
				Base,
			);
			mainGroup = 080722A129E38FA900410DE2;
			productRefGroup = 080722AB29E38FA900410DE2 /* Products */;
			projectDirPath = "";
			projectRoot = "";
			targets = (
				080722A929E38FA900410DE2 /* Cookpedia */,
			);
		};
/* End PBXProject section */

/* Begin PBXResourcesBuildPhase section */
		080722A829E38FA900410DE2 /* Resources */ = {
			isa = PBXResourcesBuildPhase;
			buildActionMask = 2147483647;
			files = (
				080722DE29E390F200410DE2 /* Urbanist-ExtraLightItalic.ttf in Resources */,
				080722DB29E390F200410DE2 /* Urbanist-SemiBold.ttf in Resources */,
				080722D829E390F200410DE2 /* Urbanist-Black.ttf in Resources */,
				080722E029E390F200410DE2 /* Urbanist-Light.ttf in Resources */,
				080722D729E390F200410DE2 /* Urbanist-BoldItalic.ttf in Resources */,
				080722D529E390F200410DE2 /* Urbanist-Thin.ttf in Resources */,
				080722D229E390F200410DE2 /* Urbanist-ExtraBoldItalic.ttf in Resources */,
				080722D429E390F200410DE2 /* Urbanist-ThinItalic.ttf in Resources */,
				080722D029E390F200410DE2 /* Urbanist-BlackItalic.ttf in Resources */,
				080722B529E38FAA00410DE2 /* Preview Assets.xcassets in Resources */,
				080722D129E390F200410DE2 /* Urbanist-LightItalic.ttf in Resources */,
				080722D329E390F200410DE2 /* Urbanist-MediumItalic.ttf in Resources */,
				080722DC29E390F200410DE2 /* Urbanist-Italic.ttf in Resources */,
				080722CF29E390F200410DE2 /* Urbanist-Medium.ttf in Resources */,
				080722B229E38FAA00410DE2 /* Assets.xcassets in Resources */,
				080722DF29E390F200410DE2 /* Urbanist-ExtraBold.ttf in Resources */,
				080722DA29E390F200410DE2 /* Urbanist-Bold.ttf in Resources */,
				080722D629E390F200410DE2 /* Urbanist-Regular.ttf in Resources */,
				080722DD29E390F200410DE2 /* Urbanist-ExtraLight.ttf in Resources */,
				080722D929E390F200410DE2 /* Urbanist-SemiBoldItalic.ttf in Resources */,
			);
			runOnlyForDeploymentPostprocessing = 0;
		};
/* End PBXResourcesBuildPhase section */

/* Begin PBXSourcesBuildPhase section */
		080722A629E38FA900410DE2 /* Sources */ = {
			isa = PBXSourcesBuildPhase;
			buildActionMask = 2147483647;
			files = (
				0807230129E4946600410DE2 /* MealView.swift in Sources */,
				0807230E29E4D97300410DE2 /* CustomCardGeneralNotification.swift in Sources */,
				080722F329E4741D00410DE2 /* ProfileView.swift in Sources */,
				0807230729E4B26300410DE2 /* CustomStepInfo.swift in Sources */,
				080722E229E391FD00410DE2 /* HomeView.swift in Sources */,
				0807230329E49FDC00410DE2 /* CustomInfoCardUser.swift in Sources */,
				0807232229E645E700410DE2 /* ContainerShimmer.swift in Sources */,
				080722B029E38FA900410DE2 /* ContentView.swift in Sources */,
				08B8CEAF29E710180050A11A /* CustomCardMealViewModel.swift in Sources */,
				080722FA29E484B800410DE2 /* NotificationsView.swift in Sources */,
				080722EC29E3989200410DE2 /* Meal.swift in Sources */,
				0807232529E662B200410DE2 /* HomeViewModel.swift in Sources */,
				0807231529E5E7AE00410DE2 /* DetailsMeal.swift in Sources */,
				0807232829E6750700410DE2 /* RecipesViewModel.swift in Sources */,
				0807230C29E4CB0200410DE2 /* CustomCardSystemNotification.swift in Sources */,
				0807231029E5E48200410DE2 /* SystemNotificationsView.swift in Sources */,
				080722E529E3923E00410DE2 /* CustomBanner.swift in Sources */,
				080722FE29E4867000410DE2 /* BookmarkView.swift in Sources */,
				0807231229E5E4B600410DE2 /* GeneralNotificationsView.swift in Sources */,
				080722E929E397F800410DE2 /* CustomCardMeal.swift in Sources */,
				080722AE29E38FA900410DE2 /* CookpediaApp.swift in Sources */,
				0807231729E5E90200410DE2 /* MealViewModel.swift in Sources */,
				0807231D29E6266800410DE2 /* MealService.swift in Sources */,
				080722F729E4745D00410DE2 /* DiscoverView.swift in Sources */,
				080722F529E4744E00410DE2 /* RecipesView.swift in Sources */,
				0807231A29E61E4100410DE2 /* APIConstants.swift in Sources */,
				080722E729E393EF00410DE2 /* CustomTitleCatDashBoard.swift in Sources */,
				0807230529E4A8B000410DE2 /* CustomLabelInfoMeal.swift in Sources */,
				0807230A29E4BE2200410DE2 /* NotificationType.swift in Sources */,
				08B8CEB229E7159B0050A11A /* CustomCardMealService.swift in Sources */,
			);
			runOnlyForDeploymentPostprocessing = 0;
		};
/* End PBXSourcesBuildPhase section */

/* Begin XCBuildConfiguration section */
		080722B629E38FAA00410DE2 /* Debug */ = {
			isa = XCBuildConfiguration;
			buildSettings = {
				ALWAYS_SEARCH_USER_PATHS = NO;
				CLANG_ANALYZER_NONNULL = YES;
				CLANG_ANALYZER_NUMBER_OBJECT_CONVERSION = YES_AGGRESSIVE;
				CLANG_CXX_LANGUAGE_STANDARD = "gnu++20";
				CLANG_ENABLE_MODULES = YES;
				CLANG_ENABLE_OBJC_ARC = YES;
				CLANG_ENABLE_OBJC_WEAK = YES;
				CLANG_WARN_BLOCK_CAPTURE_AUTORELEASING = YES;
				CLANG_WARN_BOOL_CONVERSION = YES;
				CLANG_WARN_COMMA = YES;
				CLANG_WARN_CONSTANT_CONVERSION = YES;
				CLANG_WARN_DEPRECATED_OBJC_IMPLEMENTATIONS = YES;
				CLANG_WARN_DIRECT_OBJC_ISA_USAGE = YES_ERROR;
				CLANG_WARN_DOCUMENTATION_COMMENTS = YES;
				CLANG_WARN_EMPTY_BODY = YES;
				CLANG_WARN_ENUM_CONVERSION = YES;
				CLANG_WARN_INFINITE_RECURSION = YES;
				CLANG_WARN_INT_CONVERSION = YES;
				CLANG_WARN_NON_LITERAL_NULL_CONVERSION = YES;
				CLANG_WARN_OBJC_IMPLICIT_RETAIN_SELF = YES;
				CLANG_WARN_OBJC_LITERAL_CONVERSION = YES;
				CLANG_WARN_OBJC_ROOT_CLASS = YES_ERROR;
				CLANG_WARN_QUOTED_INCLUDE_IN_FRAMEWORK_HEADER = YES;
				CLANG_WARN_RANGE_LOOP_ANALYSIS = YES;
				CLANG_WARN_STRICT_PROTOTYPES = YES;
				CLANG_WARN_SUSPICIOUS_MOVE = YES;
				CLANG_WARN_UNGUARDED_AVAILABILITY = YES_AGGRESSIVE;
				CLANG_WARN_UNREACHABLE_CODE = YES;
				CLANG_WARN__DUPLICATE_METHOD_MATCH = YES;
				COPY_PHASE_STRIP = NO;
				DEBUG_INFORMATION_FORMAT = dwarf;
				ENABLE_STRICT_OBJC_MSGSEND = YES;
				ENABLE_TESTABILITY = YES;
				GCC_C_LANGUAGE_STANDARD = gnu11;
				GCC_DYNAMIC_NO_PIC = NO;
				GCC_NO_COMMON_BLOCKS = YES;
				GCC_OPTIMIZATION_LEVEL = 0;
				GCC_PREPROCESSOR_DEFINITIONS = (
					"DEBUG=1",
					"$(inherited)",
				);
				GCC_WARN_64_TO_32_BIT_CONVERSION = YES;
				GCC_WARN_ABOUT_RETURN_TYPE = YES_ERROR;
				GCC_WARN_UNDECLARED_SELECTOR = YES;
				GCC_WARN_UNINITIALIZED_AUTOS = YES_AGGRESSIVE;
				GCC_WARN_UNUSED_FUNCTION = YES;
				GCC_WARN_UNUSED_VARIABLE = YES;
				IPHONEOS_DEPLOYMENT_TARGET = 16.0;
				MTL_ENABLE_DEBUG_INFO = INCLUDE_SOURCE;
				MTL_FAST_MATH = YES;
				ONLY_ACTIVE_ARCH = YES;
				SDKROOT = iphoneos;
				SWIFT_ACTIVE_COMPILATION_CONDITIONS = DEBUG;
				SWIFT_OPTIMIZATION_LEVEL = "-Onone";
			};
			name = Debug;
		};
		080722B729E38FAA00410DE2 /* Release */ = {
			isa = XCBuildConfiguration;
			buildSettings = {
				ALWAYS_SEARCH_USER_PATHS = NO;
				CLANG_ANALYZER_NONNULL = YES;
				CLANG_ANALYZER_NUMBER_OBJECT_CONVERSION = YES_AGGRESSIVE;
				CLANG_CXX_LANGUAGE_STANDARD = "gnu++20";
				CLANG_ENABLE_MODULES = YES;
				CLANG_ENABLE_OBJC_ARC = YES;
				CLANG_ENABLE_OBJC_WEAK = YES;
				CLANG_WARN_BLOCK_CAPTURE_AUTORELEASING = YES;
				CLANG_WARN_BOOL_CONVERSION = YES;
				CLANG_WARN_COMMA = YES;
				CLANG_WARN_CONSTANT_CONVERSION = YES;
				CLANG_WARN_DEPRECATED_OBJC_IMPLEMENTATIONS = YES;
				CLANG_WARN_DIRECT_OBJC_ISA_USAGE = YES_ERROR;
				CLANG_WARN_DOCUMENTATION_COMMENTS = YES;
				CLANG_WARN_EMPTY_BODY = YES;
				CLANG_WARN_ENUM_CONVERSION = YES;
				CLANG_WARN_INFINITE_RECURSION = YES;
				CLANG_WARN_INT_CONVERSION = YES;
				CLANG_WARN_NON_LITERAL_NULL_CONVERSION = YES;
				CLANG_WARN_OBJC_IMPLICIT_RETAIN_SELF = YES;
				CLANG_WARN_OBJC_LITERAL_CONVERSION = YES;
				CLANG_WARN_OBJC_ROOT_CLASS = YES_ERROR;
				CLANG_WARN_QUOTED_INCLUDE_IN_FRAMEWORK_HEADER = YES;
				CLANG_WARN_RANGE_LOOP_ANALYSIS = YES;
				CLANG_WARN_STRICT_PROTOTYPES = YES;
				CLANG_WARN_SUSPICIOUS_MOVE = YES;
				CLANG_WARN_UNGUARDED_AVAILABILITY = YES_AGGRESSIVE;
				CLANG_WARN_UNREACHABLE_CODE = YES;
				CLANG_WARN__DUPLICATE_METHOD_MATCH = YES;
				COPY_PHASE_STRIP = NO;
				DEBUG_INFORMATION_FORMAT = "dwarf-with-dsym";
				ENABLE_NS_ASSERTIONS = NO;
				ENABLE_STRICT_OBJC_MSGSEND = YES;
				GCC_C_LANGUAGE_STANDARD = gnu11;
				GCC_NO_COMMON_BLOCKS = YES;
				GCC_WARN_64_TO_32_BIT_CONVERSION = YES;
				GCC_WARN_ABOUT_RETURN_TYPE = YES_ERROR;
				GCC_WARN_UNDECLARED_SELECTOR = YES;
				GCC_WARN_UNINITIALIZED_AUTOS = YES_AGGRESSIVE;
				GCC_WARN_UNUSED_FUNCTION = YES;
				GCC_WARN_UNUSED_VARIABLE = YES;
				IPHONEOS_DEPLOYMENT_TARGET = 16.0;
				MTL_ENABLE_DEBUG_INFO = NO;
				MTL_FAST_MATH = YES;
				SDKROOT = iphoneos;
				SWIFT_COMPILATION_MODE = wholemodule;
				SWIFT_OPTIMIZATION_LEVEL = "-O";
				VALIDATE_PRODUCT = YES;
			};
			name = Release;
		};
		080722B929E38FAA00410DE2 /* Debug */ = {
			isa = XCBuildConfiguration;
			buildSettings = {
				ASSETCATALOG_COMPILER_APPICON_NAME = AppIcon;
				ASSETCATALOG_COMPILER_GLOBAL_ACCENT_COLOR_NAME = AccentColor;
				CODE_SIGN_STYLE = Automatic;
				CURRENT_PROJECT_VERSION = 1;
				DEVELOPMENT_ASSET_PATHS = "\"Cookpedia/Preview Content\"";
				DEVELOPMENT_TEAM = JF2LM76KSZ;
				ENABLE_PREVIEWS = YES;
				GENERATE_INFOPLIST_FILE = YES;
				INFOPLIST_KEY_UIApplicationSceneManifest_Generation = YES;
				INFOPLIST_KEY_UIApplicationSupportsIndirectInputEvents = YES;
				INFOPLIST_KEY_UILaunchScreen_Generation = YES;
				INFOPLIST_KEY_UISupportedInterfaceOrientations_iPad = "UIInterfaceOrientationPortrait UIInterfaceOrientationPortraitUpsideDown UIInterfaceOrientationLandscapeLeft UIInterfaceOrientationLandscapeRight";
				INFOPLIST_KEY_UISupportedInterfaceOrientations_iPhone = "UIInterfaceOrientationPortrait UIInterfaceOrientationLandscapeLeft UIInterfaceOrientationLandscapeRight";
				IPHONEOS_DEPLOYMENT_TARGET = 16.0;
				LD_RUNPATH_SEARCH_PATHS = (
					"$(inherited)",
					"@executable_path/Frameworks",
				);
				MARKETING_VERSION = 1.0;
				PRODUCT_BUNDLE_IDENTIFIER = rodrigo.Cookpedia;
				PRODUCT_NAME = "$(TARGET_NAME)";
				SWIFT_EMIT_LOC_STRINGS = YES;
				SWIFT_VERSION = 5.0;
				TARGETED_DEVICE_FAMILY = "1,2";
			};
			name = Debug;
		};
		080722BA29E38FAA00410DE2 /* Release */ = {
			isa = XCBuildConfiguration;
			buildSettings = {
				ASSETCATALOG_COMPILER_APPICON_NAME = AppIcon;
				ASSETCATALOG_COMPILER_GLOBAL_ACCENT_COLOR_NAME = AccentColor;
				CODE_SIGN_STYLE = Automatic;
				CURRENT_PROJECT_VERSION = 1;
				DEVELOPMENT_ASSET_PATHS = "\"Cookpedia/Preview Content\"";
				DEVELOPMENT_TEAM = JF2LM76KSZ;
				ENABLE_PREVIEWS = YES;
				GENERATE_INFOPLIST_FILE = YES;
				INFOPLIST_KEY_UIApplicationSceneManifest_Generation = YES;
				INFOPLIST_KEY_UIApplicationSupportsIndirectInputEvents = YES;
				INFOPLIST_KEY_UILaunchScreen_Generation = YES;
				INFOPLIST_KEY_UISupportedInterfaceOrientations_iPad = "UIInterfaceOrientationPortrait UIInterfaceOrientationPortraitUpsideDown UIInterfaceOrientationLandscapeLeft UIInterfaceOrientationLandscapeRight";
				INFOPLIST_KEY_UISupportedInterfaceOrientations_iPhone = "UIInterfaceOrientationPortrait UIInterfaceOrientationLandscapeLeft UIInterfaceOrientationLandscapeRight";
				IPHONEOS_DEPLOYMENT_TARGET = 16.0;
				LD_RUNPATH_SEARCH_PATHS = (
					"$(inherited)",
					"@executable_path/Frameworks",
				);
				MARKETING_VERSION = 1.0;
				PRODUCT_BUNDLE_IDENTIFIER = rodrigo.Cookpedia;
				PRODUCT_NAME = "$(TARGET_NAME)";
				SWIFT_EMIT_LOC_STRINGS = YES;
				SWIFT_VERSION = 5.0;
				TARGETED_DEVICE_FAMILY = "1,2";
			};
			name = Release;
		};
/* End XCBuildConfiguration section */

/* Begin XCConfigurationList section */
		080722A529E38FA900410DE2 /* Build configuration list for PBXProject "Cookpedia" */ = {
			isa = XCConfigurationList;
			buildConfigurations = (
				080722B629E38FAA00410DE2 /* Debug */,
				080722B729E38FAA00410DE2 /* Release */,
			);
			defaultConfigurationIsVisible = 0;
			defaultConfigurationName = Release;
		};
		080722B829E38FAA00410DE2 /* Build configuration list for PBXNativeTarget "Cookpedia" */ = {
			isa = XCConfigurationList;
			buildConfigurations = (
				080722B929E38FAA00410DE2 /* Debug */,
				080722BA29E38FAA00410DE2 /* Release */,
			);
			defaultConfigurationIsVisible = 0;
			defaultConfigurationName = Release;
		};
/* End XCConfigurationList section */
	};
	rootObject = 080722A229E38FA900410DE2 /* Project object */;
}
